
Microsoft Visual Studio Solution File, Format Version 12.00
# Visual Studio Version 17
VisualStudioVersion = 17.4.33213.308
MinimumVisualStudioVersion = 10.0.40219.1
Project("{FAE04EC0-301F-11D3-BF4B-00C04F79EFBC}") = "Net.M.A008.Exercise1", "TanDV3_NPLC_Assignment7\Net.M.A008.Exercise1.csproj", "{57973DD2-2D2B-49D1-8069-E227818BD0B5}"
EndProject
Project("{FAE04EC0-301F-11D3-BF4B-00C04F79EFBC}") = "Net.M.A008.Exercise2", "Net.M.A008.Exercise2\Net.M.A008.Exercise2.csproj", "{0C05A8D1-58F4-4BC7-9D6E-D1A600B3E0D3}"
EndProject
Project("{FAE04EC0-301F-11D3-BF4B-00C04F79EFBC}") = "Net.M.A008.Exercise3", "Net.M.A008.Exercise3\Net.M.A008.Exercise3.csproj", "{D07AB44F-6A3F-4AC4-B6D2-6BC11FA68361}"
EndProject
Project("{FAE04EC0-301F-11D3-BF4B-00C04F79EFBC}") = "Net.M.A008.Exercise4", "Net.M.A008.Exercise4\Net.M.A008.Exercise4.csproj", "{68B4979D-7915-48B8-8D0C-5CFBCCE2CED9}"
EndProject
Global
	GlobalSection(SolutionConfigurationPlatforms) = preSolution
		Debug|Any CPU = Debug|Any CPU
		Release|Any CPU = Release|Any CPU
	EndGlobalSection
	GlobalSection(ProjectConfigurationPlatforms) = postSolution
		{57973DD2-2D2B-49D1-8069-E227818BD0B5}.Debug|Any CPU.ActiveCfg = Debug|Any CPU
		{57973DD2-2D2B-49D1-8069-E227818BD0B5}.Debug|Any CPU.Build.0 = Debug|Any CPU
		{57973DD2-2D2B-49D1-8069-E227818BD0B5}.Release|Any CPU.ActiveCfg = Release|Any CPU
		{57973DD2-2D2B-49D1-8069-E227818BD0B5}.Release|Any CPU.Build.0 = Release|Any CPU
		{0C05A8D1-58F4-4BC7-9D6E-D1A600B3E0D3}.Debug|Any CPU.ActiveCfg = Debug|Any CPU
		{0C05A8D1-58F4-4BC7-9D6E-D1A600B3E0D3}.Debug|Any CPU.Build.0 = Debug|Any CPU
		{0C05A8D1-58F4-4BC7-9D6E-D1A600B3E0D3}.Release|Any CPU.ActiveCfg = Release|Any CPU
		{0C05A8D1-58F4-4BC7-9D6E-D1A600B3E0D3}.Release|Any CPU.Build.0 = Release|Any CPU
		{D07AB44F-6A3F-4AC4-B6D2-6BC11FA68361}.Debug|Any CPU.ActiveCfg = Debug|Any CPU
		{D07AB44F-6A3F-4AC4-B6D2-6BC11FA68361}.Debug|Any CPU.Build.0 = Debug|Any CPU
		{D07AB44F-6A3F-4AC4-B6D2-6BC11FA68361}.Release|Any CPU.ActiveCfg = Release|Any CPU
		{D07AB44F-6A3F-4AC4-B6D2-6BC11FA68361}.Release|Any CPU.Build.0 = Release|Any CPU
		{68B4979D-7915-48B8-8D0C-5CFBCCE2CED9}.Debug|Any CPU.ActiveCfg = Debug|Any CPU
		{68B4979D-7915-48B8-8D0C-5CFBCCE2CED9}.Debug|Any CPU.Build.0 = Debug|Any CPU
		{68B4979D-7915-48B8-8D0C-5CFBCCE2CED9}.Release|Any CPU.ActiveCfg = Release|Any CPU
		{68B4979D-7915-48B8-8D0C-5CFBCCE2CED9}.Release|Any CPU.Build.0 = Release|Any CPU
	EndGlobalSection
	GlobalSection(SolutionProperties) = preSolution
		HideSolutionNode = FALSE
	EndGlobalSection
	GlobalSection(ExtensibilityGlobals) = postSolution
		SolutionGuid = {1BE6B884-F8FF-485A-BA14-6852A1FA5921}
	EndGlobalSection
EndGlobal
