
Microsoft Visual Studio Solution File, Format Version 12.00
# Visual Studio Version 17
VisualStudioVersion = 17.4.33213.308
MinimumVisualStudioVersion = 10.0.40219.1
Project("{FAE04EC0-301F-11D3-BF4B-00C04F79EFBC}") = "TanDV3_NPLC_Assignment6", "TanDV3_NPLC_Assignment6\TanDV3_NPLC_Assignment6.csproj", "{4EF48A4C-6797-41C5-A58E-330727277D1D}"
EndProject
Global
	GlobalSection(SolutionConfigurationPlatforms) = preSolution
		Debug|Any CPU = Debug|Any CPU
		Release|Any CPU = Release|Any CPU
	EndGlobalSection
	GlobalSection(ProjectConfigurationPlatforms) = postSolution
		{4EF48A4C-6797-41C5-A58E-330727277D1D}.Debug|Any CPU.ActiveCfg = Debug|Any CPU
		{4EF48A4C-6797-41C5-A58E-330727277D1D}.Debug|Any CPU.Build.0 = Debug|Any CPU
		{4EF48A4C-6797-41C5-A58E-330727277D1D}.Release|Any CPU.ActiveCfg = Release|Any CPU
		{4EF48A4C-6797-41C5-A58E-330727277D1D}.Release|Any CPU.Build.0 = Release|Any CPU
	EndGlobalSection
	GlobalSection(SolutionProperties) = preSolution
		HideSolutionNode = FALSE
	EndGlobalSection
	GlobalSection(ExtensibilityGlobals) = postSolution
		SolutionGuid = {46418E3A-6D01-4A57-A8C7-F9BFC15C86CC}
	EndGlobalSection
EndGlobal
