
Microsoft Visual Studio Solution File, Format Version 12.00
# Visual Studio Version 17
VisualStudioVersion = 17.4.33213.308
MinimumVisualStudioVersion = 10.0.40219.1
Project("{9A19103F-16F7-4668-BE54-9A1E7A4F7556}") = "Exercise1_VideoService", "TanDV3_NPLC_Assignment12\Exercise1_VideoService.csproj", "{C0A62E43-69FA-4856-BBFF-66FAC69E629F}"
EndProject
Project("{FAE04EC0-301F-11D3-BF4B-00C04F79EFBC}") = "NPLC_Assignment12", "NPLC_Assignment12\NPLC_Assignment12.csproj", "{9B8AAF9E-05B2-412E-8A09-E1688B2641F1}"
EndProject
Global
	GlobalSection(SolutionConfigurationPlatforms) = preSolution
		Debug|Any CPU = Debug|Any CPU
		Release|Any CPU = Release|Any CPU
	EndGlobalSection
	GlobalSection(ProjectConfigurationPlatforms) = postSolution
		{C0A62E43-69FA-4856-BBFF-66FAC69E629F}.Debug|Any CPU.ActiveCfg = Debug|Any CPU
		{C0A62E43-69FA-4856-BBFF-66FAC69E629F}.Debug|Any CPU.Build.0 = Debug|Any CPU
		{C0A62E43-69FA-4856-BBFF-66FAC69E629F}.Release|Any CPU.ActiveCfg = Release|Any CPU
		{C0A62E43-69FA-4856-BBFF-66FAC69E629F}.Release|Any CPU.Build.0 = Release|Any CPU
		{9B8AAF9E-05B2-412E-8A09-E1688B2641F1}.Debug|Any CPU.ActiveCfg = Debug|Any CPU
		{9B8AAF9E-05B2-412E-8A09-E1688B2641F1}.Debug|Any CPU.Build.0 = Debug|Any CPU
		{9B8AAF9E-05B2-412E-8A09-E1688B2641F1}.Release|Any CPU.ActiveCfg = Release|Any CPU
		{9B8AAF9E-05B2-412E-8A09-E1688B2641F1}.Release|Any CPU.Build.0 = Release|Any CPU
	EndGlobalSection
	GlobalSection(SolutionProperties) = preSolution
		HideSolutionNode = FALSE
	EndGlobalSection
	GlobalSection(ExtensibilityGlobals) = postSolution
		SolutionGuid = {896E6EC6-FC00-4ABB-82DA-D51A1CE9D1D6}
	EndGlobalSection
EndGlobal
